Microsoft Visual Studio Solution File, Format Version 12.00
# Visual Studio Version 17
VisualStudioVersion = 17.5.2.0
MinimumVisualStudioVersion = 10.0.40219.1
Project("{FAE04EC0-301F-11D3-BF4B-00C04F79EFBC}") = "end-term-exam", "end-term-exam.csproj", "{F338792F-9ABC-FC42-4DAA-DC8D9FC52973}"
EndProject
Global
	GlobalSection(SolutionConfigurationPlatforms) = preSolution
		Debug|Any CPU = Debug|Any CPU
		Release|Any CPU = Release|Any CPU
	EndGlobalSection
	GlobalSection(ProjectConfigurationPlatforms) = postSolution
		{F338792F-9ABC-FC42-4DAA-DC8D9FC52973}.Debug|Any CPU.ActiveCfg = Debug|Any CPU
		{F338792F-9ABC-FC42-4DAA-DC8D9FC52973}.Debug|Any CPU.Build.0 = Debug|Any CPU
		{F338792F-9ABC-FC42-4DAA-DC8D9FC52973}.Release|Any CPU.ActiveCfg = Release|Any CPU
		{F338792F-9ABC-FC42-4DAA-DC8D9FC52973}.Release|Any CPU.Build.0 = Release|Any CPU
	EndGlobalSection
	GlobalSection(SolutionProperties) = preSolution
		HideSolutionNode = FALSE
	EndGlobalSection
	GlobalSection(ExtensibilityGlobals) = postSolution
		SolutionGuid = {CD7BF6F5-F4DA-4E28-85E3-4D64928074CF}
	EndGlobalSection
EndGlobal
